
Microsoft Visual Studio Solution File, Format Version 11.00
# Visual Studio 2010
Project("{FAE04EC0-301F-11D3-BF4B-00C04F79EFBC}") = "MathLibrary", "MathLibrary\MathLibrary.csproj", "{2CA56BB8-136A-4C59-93B5-AD457E6A60F2}"
EndProject
Project("{FAE04EC0-301F-11D3-BF4B-00C04F79EFBC}") = "MathLibraryTest", "MathLibraryTest\MathLibraryTest.csproj", "{4C60E481-16F8-4212-901F-6CCC686652C5}"
EndProject
Project("{2150E333-8FDC-42A3-9474-1A3956D46DE8}") = "Solution Items", "Solution Items", "{60724FF2-0A17-4F4A-B89E-CE1499DF81FB}"
	ProjectSection(SolutionItems) = preProject
		Local.testsettings = Local.testsettings
		MathCAD.vsmdi = MathCAD.vsmdi
		TraceAndTestImpact.testsettings = TraceAndTestImpact.testsettings
	EndProjectSection
EndProject
Global
	GlobalSection(TestCaseManagementSettings) = postSolution
		CategoryFile = MathCAD.vsmdi
	EndGlobalSection
	GlobalSection(SolutionConfigurationPlatforms) = preSolution
		Debug|Any CPU = Debug|Any CPU
		Release|Any CPU = Release|Any CPU
	EndGlobalSection
	GlobalSection(ProjectConfigurationPlatforms) = postSolution
		{2CA56BB8-136A-4C59-93B5-AD457E6A60F2}.Debug|Any CPU.ActiveCfg = Debug|Any CPU
		{2CA56BB8-136A-4C59-93B5-AD457E6A60F2}.Debug|Any CPU.Build.0 = Debug|Any CPU
		{2CA56BB8-136A-4C59-93B5-AD457E6A60F2}.Release|Any CPU.ActiveCfg = Release|Any CPU
		{2CA56BB8-136A-4C59-93B5-AD457E6A60F2}.Release|Any CPU.Build.0 = Release|Any CPU
		{4C60E481-16F8-4212-901F-6CCC686652C5}.Debug|Any CPU.ActiveCfg = Debug|Any CPU
		{4C60E481-16F8-4212-901F-6CCC686652C5}.Debug|Any CPU.Build.0 = Debug|Any CPU
		{4C60E481-16F8-4212-901F-6CCC686652C5}.Release|Any CPU.ActiveCfg = Release|Any CPU
		{4C60E481-16F8-4212-901F-6CCC686652C5}.Release|Any CPU.Build.0 = Release|Any CPU
	EndGlobalSection
	GlobalSection(SolutionProperties) = preSolution
		HideSolutionNode = FALSE
	EndGlobalSection
EndGlobal
